apiVersion: vendir.k14s.io/v1alpha1
directories:
- contents:
  - helmChart:
      appVersion: 3.9.0
      version: 6.1.2
    path: .
  path: envs/mykso/dev/_apps/goldpinger/vendor/charts/goldpinger
- contents:
  - git:
      commitTitle: 'Merge pull request #140 from cloudeteer/feature/windows-build...'
      sha: 0b96e45e05740a5da24354d05e5c46812b84c06d
      tags:
      - v3.9.0
    path: .
  path: envs/mykso/dev/_apps/goldpinger/vendor/ytt/grafana-dashboards
kind: LockConfig
